PODS:
  - Cosmos (25.0.1)
  - Kingfisher (7.11.0)
  - ReachabilitySwift (5.2.3)
  - SVProgressHUD (2.3.1):
    - SVProgressHUD/Core (= 2.3.1)
  - SVProgressHUD/Core (2.3.1)
  - SwiftRangeSlider (2.0.0)

DEPENDENCIES:
  - Cosmos
  - Kingfisher
  - ReachabilitySwift
  - SVProgressHUD
  - SwiftRangeSlider

SPEC REPOS:
  trunk:
    - Cosmos
    - Kingfisher
    - ReachabilitySwift
    - SVProgressHUD
    - SwiftRangeSlider

SPEC CHECKSUMS:
  Cosmos: 02db0a1c953107049bfd2d7af19ceef55ecb7e98
  Kingfisher: b9c985d864d43515f404f1ef4a8ce7d802ace3ac
  ReachabilitySwift: 7f151ff156cea1481a8411701195ac6a984f4979
  SVProgressHUD: 4837c74bdfe2e51e8821c397825996a8d7de6e22
  SwiftRangeSlider: f86e3b637c961120158fa1a89277c8343845cbe4

PODFILE CHECKSUM: eb22ef3f5accade23375e5047ba3257937bc03d7

COCOAPODS: 1.15.2
