// !$*UTF8*$!
{
	archiveVersion = 1;
	classes = {
	};
	objectVersion = 56;
	objects = {

/* Begin PBXBuildFile section */
		C30385262C35479D004978BD /* prasiddh'sExtension.swift in Sources */ = {isa = PBXBuildFile; fileRef = C30385252C35479D004978BD /* prasiddh'sExtension.swift */; };
		C303852A2C356578004978BD /* AddToCartOnCheckoutViewmodel.swift in Sources */ = {isa = PBXBuildFile; fileRef = C30385292C356578004978BD /* AddToCartOnCheckoutViewmodel.swift */; };
		C31219842C2944CF00D12067 /* AppDelegate.swift in Sources */ = {isa = PBXBuildFile; fileRef = C31219832C2944CF00D12067 /* AppDelegate.swift */; };
		C31219862C2944CF00D12067 /* SceneDelegate.swift in Sources */ = {isa = PBXBuildFile; fileRef = C31219852C2944CF00D12067 /* SceneDelegate.swift */; };
		C31219882C2944CF00D12067 /* ViewController.swift in Sources */ = {isa = PBXBuildFile; fileRef = C31219872C2944CF00D12067 /* ViewController.swift */; };
		C312198B2C2944CF00D12067 /* Main.storyboard in Resources */ = {isa = PBXBuildFile; fileRef = C31219892C2944CF00D12067 /* Main.storyboard */; };
		C312198E2C2944CF00D12067 /* ShopMe_Github_Collab.xcdatamodeld in Sources */ = {isa = PBXBuildFile; fileRef = C312198C2C2944CF00D12067 /* ShopMe_Github_Collab.xcdatamodeld */; };
		C31219902C2944D300D12067 /* Assets.xcassets in Resources */ = {isa = PBXBuildFile; fileRef = C312198F2C2944D300D12067 /* Assets.xcassets */; };
		C31219932C2944D300D12067 /* LaunchScreen.storyboard in Resources */ = {isa = PBXBuildFile; fileRef = C31219912C2944D300D12067 /* LaunchScreen.storyboard */; };
		C31219A82C29464B00D12067 /* CustomTabbar.swift in Sources */ = {isa = PBXBuildFile; fileRef = C31219A62C29464B00D12067 /* CustomTabbar.swift */; };
		C31219A92C29464B00D12067 /* CustomTabbarController.swift in Sources */ = {isa = PBXBuildFile; fileRef = C31219A72C29464B00D12067 /* CustomTabbarController.swift */; };
		C31219AC2C294FBF00D12067 /* LoginScreenVC.swift in Sources */ = {isa = PBXBuildFile; fileRef = C31219AA2C294FBF00D12067 /* LoginScreenVC.swift */; };
		C31219AD2C294FBF00D12067 /* RegisterScreenVC.swift in Sources */ = {isa = PBXBuildFile; fileRef = C31219AB2C294FBF00D12067 /* RegisterScreenVC.swift */; };
		C31219AF2C294FC800D12067 /* Authentication.storyboard in Resources */ = {isa = PBXBuildFile; fileRef = C31219AE2C294FC800D12067 /* Authentication.storyboard */; };
		C31219B12C295D1300D12067 /* Profile.storyboard in Resources */ = {isa = PBXBuildFile; fileRef = C31219B02C295D1300D12067 /* Profile.storyboard */; };
		C31219B32C295DE500D12067 /* ProfileScreenVC.swift in Sources */ = {isa = PBXBuildFile; fileRef = C31219B22C295DE500D12067 /* ProfileScreenVC.swift */; };
		C31219B52C2975CF00D12067 /* EditProfileVC.swift in Sources */ = {isa = PBXBuildFile; fileRef = C31219B42C2975CF00D12067 /* EditProfileVC.swift */; };
		C31219B72C29856A00D12067 /* MyOrderScreenVC.swift in Sources */ = {isa = PBXBuildFile; fileRef = C31219B62C29856A00D12067 /* MyOrderScreenVC.swift */; };
		C31219B92C298A1E00D12067 /* myOrderTableCell.swift in Sources */ = {isa = PBXBuildFile; fileRef = C31219B82C298A1E00D12067 /* myOrderTableCell.swift */; };
		C32C460B2C326AE500B12669 /* ProductDetailsCollectionViewCell.swift in Sources */ = {isa = PBXBuildFile; fileRef = C32C460A2C326AE500B12669 /* ProductDetailsCollectionViewCell.swift */; };
		C32C460D2C3283BE00B12669 /* CategoryModel.swift in Sources */ = {isa = PBXBuildFile; fileRef = C32C460C2C3283BE00B12669 /* CategoryModel.swift */; };
		C32C46132C32878D00B12669 /* CategoryViewModal.swift in Sources */ = {isa = PBXBuildFile; fileRef = C32C46122C32878D00B12669 /* CategoryViewModal.swift */; };
		C32C46152C32988000B12669 /* ProductViewModel.swift in Sources */ = {isa = PBXBuildFile; fileRef = C32C46142C32988000B12669 /* ProductViewModel.swift */; };
		C32C46172C329B8F00B12669 /* Product.swift in Sources */ = {isa = PBXBuildFile; fileRef = C32C46162C329B8F00B12669 /* Product.swift */; };
		C32E1CFB2C37CBDE00EE7C50 /* Connectivity.swift in Sources */ = {isa = PBXBuildFile; fileRef = C32E1CFA2C37CBDE00EE7C50 /* Connectivity.swift */; };
		C33380662C37D08D00A78234 /* Prasiddh Protocol.swift in Sources */ = {isa = PBXBuildFile; fileRef = C33380652C37D08D00A78234 /* Prasiddh Protocol.swift */; };
		C3429E462C3666E1005C6DC0 /* OrderDetailVC.swift in Sources */ = {isa = PBXBuildFile; fileRef = C3429E452C3666E1005C6DC0 /* OrderDetailVC.swift */; };
		C3429E482C3676FB005C6DC0 /* OrderDetailTabelCell.swift in Sources */ = {isa = PBXBuildFile; fileRef = C3429E472C3676FB005C6DC0 /* OrderDetailTabelCell.swift */; };
		C3429E4A2C36A36B005C6DC0 /* MyOrderFilterScreenVC.swift in Sources */ = {isa = PBXBuildFile; fileRef = C3429E492C36A36B005C6DC0 /* MyOrderFilterScreenVC.swift */; };
		C351242C2C29928C00B0938E /* DetailsScreenVC.swift in Sources */ = {isa = PBXBuildFile; fileRef = C351242B2C29928C00B0938E /* DetailsScreenVC.swift */; };
		C353EE5D2C37EB9D00727B18 /* UserReviewsTableViewCell.swift in Sources */ = {isa = PBXBuildFile; fileRef = C353EE5C2C37EB9D00727B18 /* UserReviewsTableViewCell.swift */; };
		C353EE5F2C37F7A100727B18 /* UserRatingModel.swift in Sources */ = {isa = PBXBuildFile; fileRef = C353EE5E2C37F7A100727B18 /* UserRatingModel.swift */; };
		C353EE612C37F7B200727B18 /* UserRatingViewModel.swift in Sources */ = {isa = PBXBuildFile; fileRef = C353EE602C37F7B200727B18 /* UserRatingViewModel.swift */; };
		C355CC322C2EBAC100994D58 /* NetworkManager.swift in Sources */ = {isa = PBXBuildFile; fileRef = C355CC312C2EBAC100994D58 /* NetworkManager.swift */; };
		C355CC352C2EBCE900994D58 /* Constants.swift in Sources */ = {isa = PBXBuildFile; fileRef = C355CC342C2EBCE900994D58 /* Constants.swift */; };
		C36419322C33DD070026B1DA /* UpdateDataModel.swift in Sources */ = {isa = PBXBuildFile; fileRef = C36419312C33DD070026B1DA /* UpdateDataModel.swift */; };
		C36419342C33DD7C0026B1DA /* UpdateDataViewModel.swift in Sources */ = {isa = PBXBuildFile; fileRef = C36419332C33DD7C0026B1DA /* UpdateDataViewModel.swift */; };
		C3759EBE2C295518006ABB02 /* CartList.storyboard in Resources */ = {isa = PBXBuildFile; fileRef = C3759EBD2C295517006ABB02 /* CartList.storyboard */; };
		C3759EC82C299B96006ABB02 /* SelectAddressViewController.swift in Sources */ = {isa = PBXBuildFile; fileRef = C3759EC72C299B96006ABB02 /* SelectAddressViewController.swift */; };
		C3759ECA2C299BDF006ABB02 /* AddressTableViewCell.swift in Sources */ = {isa = PBXBuildFile; fileRef = C3759EC92C299BDF006ABB02 /* AddressTableViewCell.swift */; };
		C3759ECC2C299F7A006ABB02 /* AddAddressViewController.swift in Sources */ = {isa = PBXBuildFile; fileRef = C3759ECB2C299F7A006ABB02 /* AddAddressViewController.swift */; };
		C381DCE12C3D1C0500D5D023 /* AboutUs_Help_Model.swift in Sources */ = {isa = PBXBuildFile; fileRef = C381DCE02C3D1C0500D5D023 /* AboutUs_Help_Model.swift */; };
		C381DCE32C3D52FD00D5D023 /* AboutUsHelpViewModel.swift in Sources */ = {isa = PBXBuildFile; fileRef = C381DCE22C3D52FD00D5D023 /* AboutUsHelpViewModel.swift */; };
		C3862C422C2AFB8C00F07EC0 /* ImageDisplayCollectionViewCell.swift in Sources */ = {isa = PBXBuildFile; fileRef = C3862C412C2AFB8C00F07EC0 /* ImageDisplayCollectionViewCell.swift */; };
		C3862C442C2AFC0400F07EC0 /* ImageDisplayViewController.swift in Sources */ = {isa = PBXBuildFile; fileRef = C3862C432C2AFC0400F07EC0 /* ImageDisplayViewController.swift */; };
		C38748852C294F78006A0C72 /* HomeStoryboard.storyboard in Resources */ = {isa = PBXBuildFile; fileRef = C38748842C294F78006A0C72 /* HomeStoryboard.storyboard */; };
		C38748872C294F98006A0C72 /* HomeVC.swift in Sources */ = {isa = PBXBuildFile; fileRef = C38748862C294F98006A0C72 /* HomeVC.swift */; };
		C3878AC52C36A79300CCD8C0 /* FilterDictModel.swift in Sources */ = {isa = PBXBuildFile; fileRef = C3878AC42C36A79300CCD8C0 /* FilterDictModel.swift */; };
		C3878AC82C36D05D00CCD8C0 /* DatabaseManager.swift in Sources */ = {isa = PBXBuildFile; fileRef = C3878AC72C36D05D00CCD8C0 /* DatabaseManager.swift */; };
		C3878AD42C36D1F400CCD8C0 /* ProductInCart+CoreDataClass.swift in Sources */ = {isa = PBXBuildFile; fileRef = C3878AD22C36D1F400CCD8C0 /* ProductInCart+CoreDataClass.swift */; };
		C3878AD52C36D1F400CCD8C0 /* ProductInCart+CoreDataProperties.swift in Sources */ = {isa = PBXBuildFile; fileRef = C3878AD32C36D1F400CCD8C0 /* ProductInCart+CoreDataProperties.swift */; };
		C3878AD72C36DC8500CCD8C0 /* Get_CartItems.swift in Sources */ = {isa = PBXBuildFile; fileRef = C3878AD62C36DC8500CCD8C0 /* Get_CartItems.swift */; };
		C3878AD92C36DCA200CCD8C0 /* Get_CartItemsViewModel.swift in Sources */ = {isa = PBXBuildFile; fileRef = C3878AD82C36DCA200CCD8C0 /* Get_CartItemsViewModel.swift */; };
		C388CAAE2C296D9A00051E02 /* HomeHeaderCollectionViewCell.swift in Sources */ = {isa = PBXBuildFile; fileRef = C388CAAD2C296D9A00051E02 /* HomeHeaderCollectionViewCell.swift */; };
		C388CAB02C296E2D00051E02 /* HomeFacilitesCollectionViewCell.swift in Sources */ = {isa = PBXBuildFile; fileRef = C388CAAF2C296E2D00051E02 /* HomeFacilitesCollectionViewCell.swift */; };
		C388CAB22C296E8600051E02 /* CategoriesCollectionViewCell.swift in Sources */ = {isa = PBXBuildFile; fileRef = C388CAB12C296E8600051E02 /* CategoriesCollectionViewCell.swift */; };
		C388CAB62C296F2800051E02 /* HomeTableViewCell.swift in Sources */ = {isa = PBXBuildFile; fileRef = C388CAB52C296F2800051E02 /* HomeTableViewCell.swift */; };
		C388CAB82C296F8100051E02 /* ProductsCollectionViewCell.swift in Sources */ = {isa = PBXBuildFile; fileRef = C388CAB72C296F8100051E02 /* ProductsCollectionViewCell.swift */; };
		C38F53F52C3519D60059DD4D /* MultiPartNetworkService.swift in Sources */ = {isa = PBXBuildFile; fileRef = C38F53F42C3519D60059DD4D /* MultiPartNetworkService.swift */; };
		C39548D32C381974006C7D9B /* getColor.swift in Sources */ = {isa = PBXBuildFile; fileRef = C39548D22C381974006C7D9B /* getColor.swift */; };
		C39548D52C38198C006C7D9B /* GetColorViewModel.swift in Sources */ = {isa = PBXBuildFile; fileRef = C39548D42C38198C006C7D9B /* GetColorViewModel.swift */; };
		C39548D72C382613006C7D9B /* Post_WishlistModel.swift in Sources */ = {isa = PBXBuildFile; fileRef = C39548D62C382613006C7D9B /* Post_WishlistModel.swift */; };
		C39548D92C38262F006C7D9B /* Post_WishlistViewModel.swift in Sources */ = {isa = PBXBuildFile; fileRef = C39548D82C38262F006C7D9B /* Post_WishlistViewModel.swift */; };
		C3A3140E2C2D5014007D6BE5 /* ShoppingCartViewController.swift in Sources */ = {isa = PBXBuildFile; fileRef = C3A3140D2C2D5014007D6BE5 /* ShoppingCartViewController.swift */; };
		C3A314102C2D5025007D6BE5 /* CheckoutViewController.swift in Sources */ = {isa = PBXBuildFile; fileRef = C3A3140F2C2D5025007D6BE5 /* CheckoutViewController.swift */; };
		C3A314132C2D5064007D6BE5 /* CartItemTableViewCell.swift in Sources */ = {isa = PBXBuildFile; fileRef = C3A314112C2D5064007D6BE5 /* CartItemTableViewCell.swift */; };
		C3A314142C2D5064007D6BE5 /* OrderedItemTableViewCell.swift in Sources */ = {isa = PBXBuildFile; fileRef = C3A314122C2D5064007D6BE5 /* OrderedItemTableViewCell.swift */; };
		C3A5DC642C2A7C92003511F7 /* ShopStoryboard.storyboard in Resources */ = {isa = PBXBuildFile; fileRef = C3A5DC632C2A7C92003511F7 /* ShopStoryboard.storyboard */; };
		C3A5DC662C2A7CBA003511F7 /* ShopVC.swift in Sources */ = {isa = PBXBuildFile; fileRef = C3A5DC652C2A7CBA003511F7 /* ShopVC.swift */; };
		C3A5DC702C2AC051003511F7 /* FilterVC.swift in Sources */ = {isa = PBXBuildFile; fileRef = C3A5DC6F2C2AC051003511F7 /* FilterVC.swift */; };
		C3ABE8C52C33E1BE0092F804 /* ProductByIdModel.swift in Sources */ = {isa = PBXBuildFile; fileRef = C3ABE8C42C33E1BE0092F804 /* ProductByIdModel.swift */; };
		C3ABE8C72C33E1FF0092F804 /* ProductByIdViewModel.swift in Sources */ = {isa = PBXBuildFile; fileRef = C3ABE8C62C33E1FF0092F804 /* ProductByIdViewModel.swift */; };
		C3ABE8CB2C3421A20092F804 /* ProductAddToCartModel.swift in Sources */ = {isa = PBXBuildFile; fileRef = C3ABE8CA2C3421A20092F804 /* ProductAddToCartModel.swift */; };
		C3ABE8CD2C34229D0092F804 /* ProductAddToCartViewModel.swift in Sources */ = {isa = PBXBuildFile; fileRef = C3ABE8CC2C34229D0092F804 /* ProductAddToCartViewModel.swift */; };
		C3D287B52C3532550076DA7C /* HimanshuExtension.swift in Sources */ = {isa = PBXBuildFile; fileRef = C3D287B42C3532550076DA7C /* HimanshuExtension.swift */; };
		C3DBA80C2C37FD820024E714 /* ForgetPasswordVC.swift in Sources */ = {isa = PBXBuildFile; fileRef = C3DBA80B2C37FD820024E714 /* ForgetPasswordVC.swift */; };
		C3DBA80E2C37FFB00024E714 /* ConfirmEmailModel.swift in Sources */ = {isa = PBXBuildFile; fileRef = C3DBA80D2C37FFB00024E714 /* ConfirmEmailModel.swift */; };
		C3DBA8102C38002A0024E714 /* ConfirmEmailViewModel.swift in Sources */ = {isa = PBXBuildFile; fileRef = C3DBA80F2C38002A0024E714 /* ConfirmEmailViewModel.swift */; };
		C3DBA8122C3804530024E714 /* ForgetPassModel.swift in Sources */ = {isa = PBXBuildFile; fileRef = C3DBA8112C3804530024E714 /* ForgetPassModel.swift */; };
		C3DBA8142C3805340024E714 /* ForgetPassViewModel.swift in Sources */ = {isa = PBXBuildFile; fileRef = C3DBA8132C3805340024E714 /* ForgetPassViewModel.swift */; };
		C3DBA8162C3815FB0024E714 /* WishList.storyboard in Resources */ = {isa = PBXBuildFile; fileRef = C3DBA8152C3815FB0024E714 /* WishList.storyboard */; };
		C3DBA8182C3816070024E714 /* WishlistModel.swift in Sources */ = {isa = PBXBuildFile; fileRef = C3DBA8172C3816070024E714 /* WishlistModel.swift */; };
		C3DBA81A2C3816120024E714 /* WishListVC.swift in Sources */ = {isa = PBXBuildFile; fileRef = C3DBA8192C3816120024E714 /* WishListVC.swift */; };
		C3DBA81C2C38161B0024E714 /* WishlistViewModel.swift in Sources */ = {isa = PBXBuildFile; fileRef = C3DBA81B2C38161B0024E714 /* WishlistViewModel.swift */; };
		C3DBA81E2C3816C70024E714 /* wishListCVCell.swift in Sources */ = {isa = PBXBuildFile; fileRef = C3DBA81D2C3816C70024E714 /* wishListCVCell.swift */; };
		C3DC00102C2EF32600CC60FA /* UserCartModel.swift in Sources */ = {isa = PBXBuildFile; fileRef = C3DC000F2C2EF32600CC60FA /* UserCartModel.swift */; };
		C3DC00122C2EF3B600CC60FA /* UserCartViewModel.swift in Sources */ = {isa = PBXBuildFile; fileRef = C3DC00112C2EF3B600CC60FA /* UserCartViewModel.swift */; };
		C3DF939C2C35582900A7EC75 /* OrderListModel.swift in Sources */ = {isa = PBXBuildFile; fileRef = C3DF939B2C35582900A7EC75 /* OrderListModel.swift */; };
		C3DF939E2C3561CA00A7EC75 /* OrderListingViewModel.swift in Sources */ = {isa = PBXBuildFile; fileRef = C3DF939D2C3561CA00A7EC75 /* OrderListingViewModel.swift */; };
		C3DF93A02C356EDF00A7EC75 /* Kaushal_Extension.swift in Sources */ = {isa = PBXBuildFile; fileRef = C3DF939F2C356EDF00A7EC75 /* Kaushal_Extension.swift */; };
		C3E1B4E62C3BB863003E77E4 /* ChangePasswordVC.swift in Sources */ = {isa = PBXBuildFile; fileRef = C3E1B4E52C3BB863003E77E4 /* ChangePasswordVC.swift */; };
		C3E1B4E82C3BBB73003E77E4 /* ChangePassModel.swift in Sources */ = {isa = PBXBuildFile; fileRef = C3E1B4E72C3BBB73003E77E4 /* ChangePassModel.swift */; };
		C3E1B4EA2C3BBBF7003E77E4 /* ChangePassViewModel.swift in Sources */ = {isa = PBXBuildFile; fileRef = C3E1B4E92C3BBBF7003E77E4 /* ChangePassViewModel.swift */; };
		C3EF1DAD2C32839A006492EB /* RegisterViewModel.swift in Sources */ = {isa = PBXBuildFile; fileRef = C3EF1DAC2C32839A006492EB /* RegisterViewModel.swift */; };
		C3EF1DAF2C3284CE006492EB /* RegisterModel.swift in Sources */ = {isa = PBXBuildFile; fileRef = C3EF1DAE2C3284CE006492EB /* RegisterModel.swift */; };
		C3EF1DB12C32B01C006492EB /* LoginViewModel.swift in Sources */ = {isa = PBXBuildFile; fileRef = C3EF1DB02C32B01C006492EB /* LoginViewModel.swift */; };
		C3EF1DB32C32B030006492EB /* LoginModel.swift in Sources */ = {isa = PBXBuildFile; fileRef = C3EF1DB22C32B030006492EB /* LoginModel.swift */; };
		C3EF1DB52C32C57A006492EB /* ProfileViewModel.swift in Sources */ = {isa = PBXBuildFile; fileRef = C3EF1DB42C32C57A006492EB /* ProfileViewModel.swift */; };
		C3EF1DB72C32C596006492EB /* ProfileModel.swift in Sources */ = {isa = PBXBuildFile; fileRef = C3EF1DB62C32C596006492EB /* ProfileModel.swift */; };
		FC2B1AF506E1FB243DE74661 /* Pods_ShopMe_Github_Collab.framework in Frameworks */ = {isa = PBXBuildFile; fileRef = F81015E434A71609EB213D9B /* Pods_ShopMe_Github_Collab.framework */; };
/* End PBXBuildFile section */

/* Begin PBXFileReference section */
		B176B6B1D9F8F829E25F288C /* Pods-ShopMe-Github-Collab.debug.xcconfig */ = {isa = PBXFileReference; includeInIndex = 1; lastKnownFileType = text.xcconfig; name = "Pods-ShopMe-Github-Collab.debug.xcconfig"; path = "Target Support Files/Pods-ShopMe-Github-Collab/Pods-ShopMe-Github-Collab.debug.xcconfig"; sourceTree = "<group>"; };
		C30385252C35479D004978BD /* prasiddh'sExtension.swift */ = {isa = PBXFileReference; lastKnownFileType = sourcecode.swift; path = "prasiddh'sExtension.swift"; sourceTree = "<group>"; };
		C30385292C356578004978BD /* AddToCartOnCheckoutViewmodel.swift */ = {isa = PBXFileReference; lastKnownFileType = sourcecode.swift; name = AddToCartOnCheckoutViewmodel.swift; path = "ShopMe-Github-Collab/Extension/Prasiddh's Extensions/AddToCartOnCheckoutViewmodel.swift"; sourceTree = SOURCE_ROOT; };
		C31219802C2944CF00D12067 /* ShopMe-Github-Collab.app */ = {isa = PBXFileReference; explicitFileType = wrapper.application; includeInIndex = 0; path = "ShopMe-Github-Collab.app"; sourceTree = BUILT_PRODUCTS_DIR; };
		C31219832C2944CF00D12067 /* AppDelegate.swift */ = {isa = PBXFileReference; lastKnownFileType = sourcecode.swift; path = AppDelegate.swift; sourceTree = "<group>"; };
		C31219852C2944CF00D12067 /* SceneDelegate.swift */ = {isa = PBXFileReference; lastKnownFileType = sourcecode.swift; path = SceneDelegate.swift; sourceTree = "<group>"; };
		C31219872C2944CF00D12067 /* ViewController.swift */ = {isa = PBXFileReference; lastKnownFileType = sourcecode.swift; path = ViewController.swift; sourceTree = "<group>"; };
		C312198A2C2944CF00D12067 /* Base */ = {isa = PBXFileReference; lastKnownFileType = file.storyboard; name = Base; path = Base.lproj/Main.storyboard; sourceTree = "<group>"; };
		C312198D2C2944CF00D12067 /* ShopMe_Github_Collab.xcdatamodel */ = {isa = PBXFileReference; lastKnownFileType = wrapper.xcdatamodel; path = ShopMe_Github_Collab.xcdatamodel; sourceTree = "<group>"; };
		C312198F2C2944D300D12067 /* Assets.xcassets */ = {isa = PBXFileReference; lastKnownFileType = folder.assetcatalog; path = Assets.xcassets; sourceTree = "<group>"; };
		C31219922C2944D300D12067 /* Base */ = {isa = PBXFileReference; lastKnownFileType = file.storyboard; name = Base; path = Base.lproj/LaunchScreen.storyboard; sourceTree = "<group>"; };
		C31219942C2944D300D12067 /* Info.plist */ = {isa = PBXFileReference; lastKnownFileType = text.plist.xml; path = Info.plist; sourceTree = "<group>"; };
		C31219A62C29464B00D12067 /* CustomTabbar.swift */ = {isa = PBXFileReference; fileEncoding = 4; lastKnownFileType = sourcecode.swift; path = CustomTabbar.swift; sourceTree = "<group>"; };
		C31219A72C29464B00D12067 /* CustomTabbarController.swift */ = {isa = PBXFileReference; fileEncoding = 4; lastKnownFileType = sourcecode.swift; path = CustomTabbarController.swift; sourceTree = "<group>"; };
		C31219AA2C294FBF00D12067 /* LoginScreenVC.swift */ = {isa = PBXFileReference; fileEncoding = 4; lastKnownFileType = sourcecode.swift; path = LoginScreenVC.swift; sourceTree = "<group>"; };
		C31219AB2C294FBF00D12067 /* RegisterScreenVC.swift */ = {isa = PBXFileReference; fileEncoding = 4; lastKnownFileType = sourcecode.swift; path = RegisterScreenVC.swift; sourceTree = "<group>"; };
		C31219AE2C294FC800D12067 /* Authentication.storyboard */ = {isa = PBXFileReference; fileEncoding = 4; lastKnownFileType = file.storyboard; path = Authentication.storyboard; sourceTree = "<group>"; };
		C31219B02C295D1300D12067 /* Profile.storyboard */ = {isa = PBXFileReference; lastKnownFileType = file.storyboard; path = Profile.storyboard; sourceTree = "<group>"; };
		C31219B22C295DE500D12067 /* ProfileScreenVC.swift */ = {isa = PBXFileReference; lastKnownFileType = sourcecode.swift; path = ProfileScreenVC.swift; sourceTree = "<group>"; };
		C31219B42C2975CF00D12067 /* EditProfileVC.swift */ = {isa = PBXFileReference; lastKnownFileType = sourcecode.swift; path = EditProfileVC.swift; sourceTree = "<group>"; };
		C31219B62C29856A00D12067 /* MyOrderScreenVC.swift */ = {isa = PBXFileReference; lastKnownFileType = sourcecode.swift; path = MyOrderScreenVC.swift; sourceTree = "<group>"; };
		C31219B82C298A1E00D12067 /* myOrderTableCell.swift */ = {isa = PBXFileReference; lastKnownFileType = sourcecode.swift; name = myOrderTableCell.swift; path = "ShopMe-Github-Collab/View Controller/myOrderTableCell.swift"; sourceTree = SOURCE_ROOT; };
		C32C460A2C326AE500B12669 /* ProductDetailsCollectionViewCell.swift */ = {isa = PBXFileReference; lastKnownFileType = sourcecode.swift; name = ProductDetailsCollectionViewCell.swift; path = "Collection Cell/ProductDetailsCollectionViewCell.swift"; sourceTree = SOURCE_ROOT; };
		C32C460C2C3283BE00B12669 /* CategoryModel.swift */ = {isa = PBXFileReference; lastKnownFileType = sourcecode.swift; name = CategoryModel.swift; path = "Collection Cell/CategoryModel.swift"; sourceTree = SOURCE_ROOT; };
		C32C46122C32878D00B12669 /* CategoryViewModal.swift */ = {isa = PBXFileReference; lastKnownFileType = sourcecode.swift; path = CategoryViewModal.swift; sourceTree = SOURCE_ROOT; };
		C32C46142C32988000B12669 /* ProductViewModel.swift */ = {isa = PBXFileReference; lastKnownFileType = sourcecode.swift; path = ProductViewModel.swift; sourceTree = SOURCE_ROOT; };
		C32C46162C329B8F00B12669 /* Product.swift */ = {isa = PBXFileReference; lastKnownFileType = sourcecode.swift; path = Product.swift; sourceTree = SOURCE_ROOT; };
		C32E1CFA2C37CBDE00EE7C50 /* Connectivity.swift */ = {isa = PBXFileReference; lastKnownFileType = sourcecode.swift; name = Connectivity.swift; path = "ShopMe-Github-Collab/View Controller/Profile/Connectivity.swift"; sourceTree = SOURCE_ROOT; };
		C33380652C37D08D00A78234 /* Prasiddh Protocol.swift */ = {isa = PBXFileReference; lastKnownFileType = sourcecode.swift; name = "Prasiddh Protocol.swift"; path = "ShopMe-Github-Collab/Extension/Prasiddh's Extensions/Prasiddh Protocol.swift"; sourceTree = SOURCE_ROOT; };
		C3429E452C3666E1005C6DC0 /* OrderDetailVC.swift */ = {isa = PBXFileReference; lastKnownFileType = sourcecode.swift; path = OrderDetailVC.swift; sourceTree = "<group>"; };
		C3429E472C3676FB005C6DC0 /* OrderDetailTabelCell.swift */ = {isa = PBXFileReference; lastKnownFileType = sourcecode.swift; name = OrderDetailTabelCell.swift; path = "Table Cell/OrderDetailTabelCell.swift"; sourceTree = SOURCE_ROOT; };
		C3429E492C36A36B005C6DC0 /* MyOrderFilterScreenVC.swift */ = {isa = PBXFileReference; lastKnownFileType = sourcecode.swift; path = MyOrderFilterScreenVC.swift; sourceTree = "<group>"; };
		C351242B2C29928C00B0938E /* DetailsScreenVC.swift */ = {isa = PBXFileReference; lastKnownFileType = sourcecode.swift; path = DetailsScreenVC.swift; sourceTree = "<group>"; };
		C353EE5C2C37EB9D00727B18 /* UserReviewsTableViewCell.swift */ = {isa = PBXFileReference; lastKnownFileType = sourcecode.swift; name = UserReviewsTableViewCell.swift; path = "Table Cell/UserReviewsTableViewCell.swift"; sourceTree = SOURCE_ROOT; };
		C353EE5E2C37F7A100727B18 /* UserRatingModel.swift */ = {isa = PBXFileReference; lastKnownFileType = sourcecode.swift; path = UserRatingModel.swift; sourceTree = SOURCE_ROOT; };
		C353EE602C37F7B200727B18 /* UserRatingViewModel.swift */ = {isa = PBXFileReference; lastKnownFileType = sourcecode.swift; path = UserRatingViewModel.swift; sourceTree = SOURCE_ROOT; };
		C355CC312C2EBAC100994D58 /* NetworkManager.swift */ = {isa = PBXFileReference; lastKnownFileType = sourcecode.swift; path = NetworkManager.swift; sourceTree = SOURCE_ROOT; };
		C355CC342C2EBCE900994D58 /* Constants.swift */ = {isa = PBXFileReference; lastKnownFileType = sourcecode.swift; path = Constants.swift; sourceTree = "<group>"; };
		C36419312C33DD070026B1DA /* UpdateDataModel.swift */ = {isa = PBXFileReference; lastKnownFileType = sourcecode.swift; name = UpdateDataModel.swift; path = "ShopMe-Github-Collab/View Controller/UpdateDataModel.swift"; sourceTree = SOURCE_ROOT; };
		C36419332C33DD7C0026B1DA /* UpdateDataViewModel.swift */ = {isa = PBXFileReference; lastKnownFileType = sourcecode.swift; name = UpdateDataViewModel.swift; path = "ShopMe-Github-Collab/View Controller/UpdateDataViewModel.swift"; sourceTree = SOURCE_ROOT; };
		C3759EBD2C295517006ABB02 /* CartList.storyboard */ = {isa = PBXFileReference; lastKnownFileType = file.storyboard; path = CartList.storyboard; sourceTree = "<group>"; };
		C3759EC72C299B96006ABB02 /* SelectAddressViewController.swift */ = {isa = PBXFileReference; lastKnownFileType = sourcecode.swift; path = SelectAddressViewController.swift; sourceTree = "<group>"; };
		C3759EC92C299BDF006ABB02 /* AddressTableViewCell.swift */ = {isa = PBXFileReference; lastKnownFileType = sourcecode.swift; name = AddressTableViewCell.swift; path = "ShopMe-Github-Collab/View Controller/AddressTableViewCell.swift"; sourceTree = SOURCE_ROOT; };
		C3759ECB2C299F7A006ABB02 /* AddAddressViewController.swift */ = {isa = PBXFileReference; lastKnownFileType = sourcecode.swift; path = AddAddressViewController.swift; sourceTree = "<group>"; };
		C381DCE02C3D1C0500D5D023 /* AboutUs_Help_Model.swift */ = {isa = PBXFileReference; lastKnownFileType = sourcecode.swift; path = AboutUs_Help_Model.swift; sourceTree = "<group>"; };
		C381DCE22C3D52FD00D5D023 /* AboutUsHelpViewModel.swift */ = {isa = PBXFileReference; lastKnownFileType = sourcecode.swift; path = AboutUsHelpViewModel.swift; sourceTree = "<group>"; };
		C3862C412C2AFB8C00F07EC0 /* ImageDisplayCollectionViewCell.swift */ = {isa = PBXFileReference; lastKnownFileType = sourcecode.swift; name = ImageDisplayCollectionViewCell.swift; path = "Collection Cell/ImageDisplayCollectionViewCell.swift"; sourceTree = SOURCE_ROOT; };
		C3862C432C2AFC0400F07EC0 /* ImageDisplayViewController.swift */ = {isa = PBXFileReference; lastKnownFileType = sourcecode.swift; path = ImageDisplayViewController.swift; sourceTree = "<group>"; };
		C38748842C294F78006A0C72 /* HomeStoryboard.storyboard */ = {isa = PBXFileReference; lastKnownFileType = file.storyboard; path = HomeStoryboard.storyboard; sourceTree = "<group>"; };
		C38748862C294F98006A0C72 /* HomeVC.swift */ = {isa = PBXFileReference; lastKnownFileType = sourcecode.swift; path = HomeVC.swift; sourceTree = "<group>"; };
		C3878AC42C36A79300CCD8C0 /* FilterDictModel.swift */ = {isa = PBXFileReference; lastKnownFileType = sourcecode.swift; path = FilterDictModel.swift; sourceTree = SOURCE_ROOT; };
		C3878AC72C36D05D00CCD8C0 /* DatabaseManager.swift */ = {isa = PBXFileReference; lastKnownFileType = sourcecode.swift; path = DatabaseManager.swift; sourceTree = "<group>"; };
		C3878AD22C36D1F400CCD8C0 /* ProductInCart+CoreDataClass.swift */ = {isa = PBXFileReference; lastKnownFileType = sourcecode.swift; path = "ProductInCart+CoreDataClass.swift"; sourceTree = "<group>"; };
		C3878AD32C36D1F400CCD8C0 /* ProductInCart+CoreDataProperties.swift */ = {isa = PBXFileReference; lastKnownFileType = sourcecode.swift; path = "ProductInCart+CoreDataProperties.swift"; sourceTree = "<group>"; };
		C3878AD62C36DC8500CCD8C0 /* Get_CartItems.swift */ = {isa = PBXFileReference; lastKnownFileType = sourcecode.swift; name = Get_CartItems.swift; path = "ShopMe-Github-Collab/CoreDataTables/Get_CartItems.swift"; sourceTree = SOURCE_ROOT; };
		C3878AD82C36DCA200CCD8C0 /* Get_CartItemsViewModel.swift */ = {isa = PBXFileReference; lastKnownFileType = sourcecode.swift; name = Get_CartItemsViewModel.swift; path = "ShopMe-Github-Collab/CoreDataTables/Get_CartItemsViewModel.swift"; sourceTree = SOURCE_ROOT; };
		C388CAAD2C296D9A00051E02 /* HomeHeaderCollectionViewCell.swift */ = {isa = PBXFileReference; lastKnownFileType = sourcecode.swift; name = HomeHeaderCollectionViewCell.swift; path = "ShopMe-Github-Collab/View Controller/HomeHeaderCollectionViewCell.swift"; sourceTree = SOURCE_ROOT; };
		C388CAAF2C296E2D00051E02 /* HomeFacilitesCollectionViewCell.swift */ = {isa = PBXFileReference; lastKnownFileType = sourcecode.swift; name = HomeFacilitesCollectionViewCell.swift; path = "ShopMe-Github-Collab/View Controller/HomeFacilitesCollectionViewCell.swift"; sourceTree = SOURCE_ROOT; };
		C388CAB12C296E8600051E02 /* CategoriesCollectionViewCell.swift */ = {isa = PBXFileReference; lastKnownFileType = sourcecode.swift; name = CategoriesCollectionViewCell.swift; path = "ShopMe-Github-Collab/View Controller/CategoriesCollectionViewCell.swift"; sourceTree = SOURCE_ROOT; };
		C388CAB52C296F2800051E02 /* HomeTableViewCell.swift */ = {isa = PBXFileReference; lastKnownFileType = sourcecode.swift; name = HomeTableViewCell.swift; path = "Table Cell/HomeTableViewCell.swift"; sourceTree = SOURCE_ROOT; };
		C388CAB72C296F8100051E02 /* ProductsCollectionViewCell.swift */ = {isa = PBXFileReference; lastKnownFileType = sourcecode.swift; name = ProductsCollectionViewCell.swift; path = "Collection Cell/ProductsCollectionViewCell.swift"; sourceTree = SOURCE_ROOT; };
		C38F53F42C3519D60059DD4D /* MultiPartNetworkService.swift */ = {isa = PBXFileReference; fileEncoding = 4; lastKnownFileType = sourcecode.swift; path = MultiPartNetworkService.swift; sourceTree = "<group>"; };
		C39548D22C381974006C7D9B /* getColor.swift */ = {isa = PBXFileReference; lastKnownFileType = sourcecode.swift; path = getColor.swift; sourceTree = SOURCE_ROOT; };
		C39548D42C38198C006C7D9B /* GetColorViewModel.swift */ = {isa = PBXFileReference; lastKnownFileType = sourcecode.swift; path = GetColorViewModel.swift; sourceTree = SOURCE_ROOT; };
		C39548D62C382613006C7D9B /* Post_WishlistModel.swift */ = {isa = PBXFileReference; lastKnownFileType = sourcecode.swift; path = Post_WishlistModel.swift; sourceTree = SOURCE_ROOT; };
		C39548D82C38262F006C7D9B /* Post_WishlistViewModel.swift */ = {isa = PBXFileReference; lastKnownFileType = sourcecode.swift; path = Post_WishlistViewModel.swift; sourceTree = SOURCE_ROOT; };
		C3A3140D2C2D5014007D6BE5 /* ShoppingCartViewController.swift */ = {isa = PBXFileReference; fileEncoding = 4; lastKnownFileType = sourcecode.swift; path = ShoppingCartViewController.swift; sourceTree = "<group>"; };
		C3A3140F2C2D5025007D6BE5 /* CheckoutViewController.swift */ = {isa = PBXFileReference; fileEncoding = 4; lastKnownFileType = sourcecode.swift; path = CheckoutViewController.swift; sourceTree = "<group>"; };
		C3A314112C2D5064007D6BE5 /* CartItemTableViewCell.swift */ = {isa = PBXFileReference; fileEncoding = 4; lastKnownFileType = sourcecode.swift; name = CartItemTableViewCell.swift; path = "Table Cell/CartItemTableViewCell.swift"; sourceTree = SOURCE_ROOT; };
		C3A314122C2D5064007D6BE5 /* OrderedItemTableViewCell.swift */ = {isa = PBXFileReference; fileEncoding = 4; lastKnownFileType = sourcecode.swift; name = OrderedItemTableViewCell.swift; path = "Table Cell/OrderedItemTableViewCell.swift"; sourceTree = SOURCE_ROOT; };
		C3A5DC632C2A7C92003511F7 /* ShopStoryboard.storyboard */ = {isa = PBXFileReference; lastKnownFileType = file.storyboard; path = ShopStoryboard.storyboard; sourceTree = "<group>"; };
		C3A5DC652C2A7CBA003511F7 /* ShopVC.swift */ = {isa = PBXFileReference; lastKnownFileType = sourcecode.swift; path = ShopVC.swift; sourceTree = "<group>"; };
		C3A5DC6F2C2AC051003511F7 /* FilterVC.swift */ = {isa = PBXFileReference; lastKnownFileType = sourcecode.swift; path = FilterVC.swift; sourceTree = "<group>"; };
		C3ABE8C42C33E1BE0092F804 /* ProductByIdModel.swift */ = {isa = PBXFileReference; lastKnownFileType = sourcecode.swift; path = ProductByIdModel.swift; sourceTree = SOURCE_ROOT; };
		C3ABE8C62C33E1FF0092F804 /* ProductByIdViewModel.swift */ = {isa = PBXFileReference; lastKnownFileType = sourcecode.swift; path = ProductByIdViewModel.swift; sourceTree = SOURCE_ROOT; };
		C3ABE8CA2C3421A20092F804 /* ProductAddToCartModel.swift */ = {isa = PBXFileReference; lastKnownFileType = sourcecode.swift; path = ProductAddToCartModel.swift; sourceTree = SOURCE_ROOT; };
		C3ABE8CC2C34229D0092F804 /* ProductAddToCartViewModel.swift */ = {isa = PBXFileReference; lastKnownFileType = sourcecode.swift; path = ProductAddToCartViewModel.swift; sourceTree = SOURCE_ROOT; };
		C3D287B42C3532550076DA7C /* HimanshuExtension.swift */ = {isa = PBXFileReference; lastKnownFileType = sourcecode.swift; path = HimanshuExtension.swift; sourceTree = SOURCE_ROOT; };
		C3DBA80B2C37FD820024E714 /* ForgetPasswordVC.swift */ = {isa = PBXFileReference; lastKnownFileType = sourcecode.swift; path = ForgetPasswordVC.swift; sourceTree = "<group>"; };
		C3DBA80D2C37FFB00024E714 /* ConfirmEmailModel.swift */ = {isa = PBXFileReference; lastKnownFileType = sourcecode.swift; name = ConfirmEmailModel.swift; path = "ShopMe-Github-Collab/View Controller/Authentication/ConfirmEmailModel.swift"; sourceTree = SOURCE_ROOT; };
		C3DBA80F2C38002A0024E714 /* ConfirmEmailViewModel.swift */ = {isa = PBXFileReference; lastKnownFileType = sourcecode.swift; name = ConfirmEmailViewModel.swift; path = "ShopMe-Github-Collab/View Controller/Authentication/ConfirmEmailViewModel.swift"; sourceTree = SOURCE_ROOT; };
		C3DBA8112C3804530024E714 /* ForgetPassModel.swift */ = {isa = PBXFileReference; lastKnownFileType = sourcecode.swift; name = ForgetPassModel.swift; path = "ShopMe-Github-Collab/View Controller/Authentication/ForgetPassModel.swift"; sourceTree = SOURCE_ROOT; };
		C3DBA8132C3805340024E714 /* ForgetPassViewModel.swift */ = {isa = PBXFileReference; lastKnownFileType = sourcecode.swift; name = ForgetPassViewModel.swift; path = "ShopMe-Github-Collab/View Controller/Authentication/ForgetPassViewModel.swift"; sourceTree = SOURCE_ROOT; };
		C3DBA8152C3815FB0024E714 /* WishList.storyboard */ = {isa = PBXFileReference; fileEncoding = 4; lastKnownFileType = file.storyboard; path = WishList.storyboard; sourceTree = "<group>"; };
		C3DBA8172C3816070024E714 /* WishlistModel.swift */ = {isa = PBXFileReference; fileEncoding = 4; lastKnownFileType = sourcecode.swift; path = WishlistModel.swift; sourceTree = "<group>"; };
		C3DBA8192C3816120024E714 /* WishListVC.swift */ = {isa = PBXFileReference; fileEncoding = 4; lastKnownFileType = sourcecode.swift; path = WishListVC.swift; sourceTree = "<group>"; };
		C3DBA81B2C38161B0024E714 /* WishlistViewModel.swift */ = {isa = PBXFileReference; fileEncoding = 4; lastKnownFileType = sourcecode.swift; path = WishlistViewModel.swift; sourceTree = "<group>"; };
		C3DBA81D2C3816C70024E714 /* wishListCVCell.swift */ = {isa = PBXFileReference; fileEncoding = 4; lastKnownFileType = sourcecode.swift; name = wishListCVCell.swift; path = "Collection Cell/wishListCVCell.swift"; sourceTree = SOURCE_ROOT; };
		C3DC000F2C2EF32600CC60FA /* UserCartModel.swift */ = {isa = PBXFileReference; lastKnownFileType = sourcecode.swift; name = UserCartModel.swift; path = "Table Cell/UserCartModel.swift"; sourceTree = SOURCE_ROOT; };
		C3DC00112C2EF3B600CC60FA /* UserCartViewModel.swift */ = {isa = PBXFileReference; lastKnownFileType = sourcecode.swift; name = UserCartViewModel.swift; path = "Table Cell/UserCartViewModel.swift"; sourceTree = SOURCE_ROOT; };
		C3DF939B2C35582900A7EC75 /* OrderListModel.swift */ = {isa = PBXFileReference; lastKnownFileType = sourcecode.swift; path = OrderListModel.swift; sourceTree = SOURCE_ROOT; };
		C3DF939D2C3561CA00A7EC75 /* OrderListingViewModel.swift */ = {isa = PBXFileReference; lastKnownFileType = sourcecode.swift; path = OrderListingViewModel.swift; sourceTree = SOURCE_ROOT; };
		C3DF939F2C356EDF00A7EC75 /* Kaushal_Extension.swift */ = {isa = PBXFileReference; lastKnownFileType = sourcecode.swift; path = Kaushal_Extension.swift; sourceTree = SOURCE_ROOT; };
		C3E1B4E52C3BB863003E77E4 /* ChangePasswordVC.swift */ = {isa = PBXFileReference; fileEncoding = 4; lastKnownFileType = sourcecode.swift; path = ChangePasswordVC.swift; sourceTree = "<group>"; };
		C3E1B4E72C3BBB73003E77E4 /* ChangePassModel.swift */ = {isa = PBXFileReference; lastKnownFileType = sourcecode.swift; path = ChangePassModel.swift; sourceTree = "<group>"; };
		C3E1B4E92C3BBBF7003E77E4 /* ChangePassViewModel.swift */ = {isa = PBXFileReference; lastKnownFileType = sourcecode.swift; path = ChangePassViewModel.swift; sourceTree = "<group>"; };
		C3EF1DAC2C32839A006492EB /* RegisterViewModel.swift */ = {isa = PBXFileReference; lastKnownFileType = sourcecode.swift; name = RegisterViewModel.swift; path = "ShopMe-Github-Collab/View Controller/RegisterViewModel.swift"; sourceTree = SOURCE_ROOT; };
		C3EF1DAE2C3284CE006492EB /* RegisterModel.swift */ = {isa = PBXFileReference; lastKnownFileType = sourcecode.swift; name = RegisterModel.swift; path = "ShopMe-Github-Collab/View Controller/RegisterModel.swift"; sourceTree = SOURCE_ROOT; };
		C3EF1DB02C32B01C006492EB /* LoginViewModel.swift */ = {isa = PBXFileReference; lastKnownFileType = sourcecode.swift; name = LoginViewModel.swift; path = "ShopMe-Github-Collab/View Controller/LoginViewModel.swift"; sourceTree = SOURCE_ROOT; };
		C3EF1DB22C32B030006492EB /* LoginModel.swift */ = {isa = PBXFileReference; lastKnownFileType = sourcecode.swift; name = LoginModel.swift; path = "ShopMe-Github-Collab/View Controller/LoginModel.swift"; sourceTree = SOURCE_ROOT; };
		C3EF1DB42C32C57A006492EB /* ProfileViewModel.swift */ = {isa = PBXFileReference; lastKnownFileType = sourcecode.swift; name = ProfileViewModel.swift; path = "ShopMe-Github-Collab/View Controller/ProfileViewModel.swift"; sourceTree = SOURCE_ROOT; };
		C3EF1DB62C32C596006492EB /* ProfileModel.swift */ = {isa = PBXFileReference; lastKnownFileType = sourcecode.swift; name = ProfileModel.swift; path = "ShopMe-Github-Collab/View Controller/ProfileModel.swift"; sourceTree = SOURCE_ROOT; };
		DBEC995D8A18DECF9AC9E759 /* Pods-ShopMe-Github-Collab.release.xcconfig */ = {isa = PBXFileReference; includeInIndex = 1; lastKnownFileType = text.xcconfig; name = "Pods-ShopMe-Github-Collab.release.xcconfig"; path = "Target Support Files/Pods-ShopMe-Github-Collab/Pods-ShopMe-Github-Collab.release.xcconfig"; sourceTree = "<group>"; };
		F81015E434A71609EB213D9B /* Pods_ShopMe_Github_Collab.framework */ = {isa = PBXFileReference; explicitFileType = wrapper.framework; includeInIndex = 0; path = Pods_ShopMe_Github_Collab.framework; sourceTree = BUILT_PRODUCTS_DIR; };
/* End PBXFileReference section */

/* Begin PBXFrameworksBuildPhase section */
		C312197D2C2944CF00D12067 /* Frameworks */ = {
			isa = PBXFrameworksBuildPhase;
			buildActionMask = 2147483647;
			files = (
				FC2B1AF506E1FB243DE74661 /* Pods_ShopMe_Github_Collab.framework in Frameworks */,
			);
			runOnlyForDeploymentPostprocessing = 0;
		};
/* End PBXFrameworksBuildPhase section */

/* Begin PBXGroup section */
		C30385242C354772004978BD /* Prasiddh's Extensions */ = {
			isa = PBXGroup;
			children = (
				C30385252C35479D004978BD /* prasiddh'sExtension.swift */,
			);
			path = "Prasiddh's Extensions";
			sourceTree = "<group>";
		};
		C31219772C2944CF00D12067 = {
			isa = PBXGroup;
			children = (
				C31219822C2944CF00D12067 /* ShopMe-Github-Collab */,
				C31219812C2944CF00D12067 /* Products */,
				E42B77AFD01C1DC68AAD211B /* Pods */,
				D1910850C5F48435F981F44F /* Frameworks */,
			);
			sourceTree = "<group>";
		};
		C31219812C2944CF00D12067 /* Products */ = {
			isa = PBXGroup;
			children = (
				C31219802C2944CF00D12067 /* ShopMe-Github-Collab.app */,
			);
			name = Products;
			sourceTree = "<group>";
		};
		C31219822C2944CF00D12067 /* ShopMe-Github-Collab */ = {
			isa = PBXGroup;
			children = (
				C3878AC92C36D0BF00CCD8C0 /* CoreDataTables */,
				C3878AC62C36D04600CCD8C0 /* DatabaseManager */,
				C355CC332C2EBCCD00994D58 /* Constants */,
				C31219A52C29464B00D12067 /* CustomTabbar */,
				C31219A42C29454600D12067 /* Extension */,
				C31219A32C29454000D12067 /* Protocol */,
				C312199F2C29450F00D12067 /* Cell */,
				C312199E2C29450A00D12067 /* Model */,
				C312199D2C29450300D12067 /* View Model */,
				C312199C2C2944F700D12067 /* Network Manager */,
				C312199B2C2944F200D12067 /* UI */,
				C312199A2C2944E200D12067 /* View Controller */,
				C31219832C2944CF00D12067 /* AppDelegate.swift */,
				C31219852C2944CF00D12067 /* SceneDelegate.swift */,
				C312198F2C2944D300D12067 /* Assets.xcassets */,
				C31219912C2944D300D12067 /* LaunchScreen.storyboard */,
				C31219942C2944D300D12067 /* Info.plist */,
				C312198C2C2944CF00D12067 /* ShopMe_Github_Collab.xcdatamodeld */,
			);
			path = "ShopMe-Github-Collab";
			sourceTree = "<group>";
		};
		C312199A2C2944E200D12067 /* View Controller */ = {
			isa = PBXGroup;
			children = (
				C3429E432C365BA5005C6DC0 /* Authentication */,
				C3429E442C365BCE005C6DC0 /* Profile */,
				C31219872C2944CF00D12067 /* ViewController.swift */,
				C38748862C294F98006A0C72 /* HomeVC.swift */,
				C351242B2C29928C00B0938E /* DetailsScreenVC.swift */,
				C3DBA8192C3816120024E714 /* WishListVC.swift */,
				C3A5DC652C2A7CBA003511F7 /* ShopVC.swift */,
				C3A5DC6F2C2AC051003511F7 /* FilterVC.swift */,
				C3862C432C2AFC0400F07EC0 /* ImageDisplayViewController.swift */,
				C3A3140D2C2D5014007D6BE5 /* ShoppingCartViewController.swift */,
				C3A3140F2C2D5025007D6BE5 /* CheckoutViewController.swift */,
				C3759EC72C299B96006ABB02 /* SelectAddressViewController.swift */,
				C3759ECB2C299F7A006ABB02 /* AddAddressViewController.swift */,
			);
			path = "View Controller";
			sourceTree = "<group>";
		};
		C312199B2C2944F200D12067 /* UI */ = {
			isa = PBXGroup;
			children = (
				C31219892C2944CF00D12067 /* Main.storyboard */,
				C38748842C294F78006A0C72 /* HomeStoryboard.storyboard */,
				C3A5DC632C2A7C92003511F7 /* ShopStoryboard.storyboard */,
				C3DBA8152C3815FB0024E714 /* WishList.storyboard */,
				C3759EBD2C295517006ABB02 /* CartList.storyboard */,
				C31219AE2C294FC800D12067 /* Authentication.storyboard */,
				C31219B02C295D1300D12067 /* Profile.storyboard */,
			);
			path = UI;
			sourceTree = "<group>";
		};
		C312199C2C2944F700D12067 /* Network Manager */ = {
			isa = PBXGroup;
			children = (
				C38F53F42C3519D60059DD4D /* MultiPartNetworkService.swift */,
				C355CC312C2EBAC100994D58 /* NetworkManager.swift */,
			);
			path = "Network Manager";
			sourceTree = "<group>";
		};
		C312199D2C29450300D12067 /* View Model */ = {
			isa = PBXGroup;
			children = (
				C3DC00112C2EF3B600CC60FA /* UserCartViewModel.swift */,
				C30385292C356578004978BD /* AddToCartOnCheckoutViewmodel.swift */,
				C32C46122C32878D00B12669 /* CategoryViewModal.swift */,
				C32C46142C32988000B12669 /* ProductViewModel.swift */,
				C381DCE22C3D52FD00D5D023 /* AboutUsHelpViewModel.swift */,
				C3ABE8C62C33E1FF0092F804 /* ProductByIdViewModel.swift */,
				C3ABE8CC2C34229D0092F804 /* ProductAddToCartViewModel.swift */,
				C3878AD82C36DCA200CCD8C0 /* Get_CartItemsViewModel.swift */,
				C353EE602C37F7B200727B18 /* UserRatingViewModel.swift */,
				C39548D42C38198C006C7D9B /* GetColorViewModel.swift */,
				C39548D82C38262F006C7D9B /* Post_WishlistViewModel.swift */,
				C3EF1DAC2C32839A006492EB /* RegisterViewModel.swift */,
				C3EF1DB02C32B01C006492EB /* LoginViewModel.swift */,
				C3DBA81B2C38161B0024E714 /* WishlistViewModel.swift */,
				C3DBA80F2C38002A0024E714 /* ConfirmEmailViewModel.swift */,
				C3DBA8132C3805340024E714 /* ForgetPassViewModel.swift */,
				C3E1B4E92C3BBBF7003E77E4 /* ChangePassViewModel.swift */,
				C3EF1DB42C32C57A006492EB /* ProfileViewModel.swift */,
				C36419332C33DD7C0026B1DA /* UpdateDataViewModel.swift */,
				C3DF939D2C3561CA00A7EC75 /* OrderListingViewModel.swift */,
			);
			path = "View Model";
			sourceTree = "<group>";
		};
		C312199E2C29450A00D12067 /* Model */ = {
			isa = PBXGroup;
			children = (
				C32C460C2C3283BE00B12669 /* CategoryModel.swift */,
				C32C46162C329B8F00B12669 /* Product.swift */,
				C381DCE02C3D1C0500D5D023 /* AboutUs_Help_Model.swift */,
				C3ABE8C42C33E1BE0092F804 /* ProductByIdModel.swift */,
				C3ABE8CA2C3421A20092F804 /* ProductAddToCartModel.swift */,
				C3878AC42C36A79300CCD8C0 /* FilterDictModel.swift */,
				C3878AD62C36DC8500CCD8C0 /* Get_CartItems.swift */,
				C353EE5E2C37F7A100727B18 /* UserRatingModel.swift */,
				C39548D22C381974006C7D9B /* getColor.swift */,
				C39548D62C382613006C7D9B /* Post_WishlistModel.swift */,
				C3DC000F2C2EF32600CC60FA /* UserCartModel.swift */,
				C3EF1DAE2C3284CE006492EB /* RegisterModel.swift */,
				C3EF1DB22C32B030006492EB /* LoginModel.swift */,
				C3DBA8172C3816070024E714 /* WishlistModel.swift */,
				C3EF1DB62C32C596006492EB /* ProfileModel.swift */,
				C3DBA80D2C37FFB00024E714 /* ConfirmEmailModel.swift */,
				C36419312C33DD070026B1DA /* UpdateDataModel.swift */,
				C3DBA8112C3804530024E714 /* ForgetPassModel.swift */,
				C3E1B4E72C3BBB73003E77E4 /* ChangePassModel.swift */,
				C3DF939B2C35582900A7EC75 /* OrderListModel.swift */,
			);
			path = Model;
			sourceTree = "<group>";
		};
		C312199F2C29450F00D12067 /* Cell */ = {
			isa = PBXGroup;
			children = (
				C31219A12C29452500D12067 /* Table Cell */,
				C31219A02C29451F00D12067 /* Collection Cell */,
			);
			path = Cell;
			sourceTree = "<group>";
		};
		C31219A02C29451F00D12067 /* Collection Cell */ = {
			isa = PBXGroup;
			children = (
				C388CAAD2C296D9A00051E02 /* HomeHeaderCollectionViewCell.swift */,
				C3DBA81D2C3816C70024E714 /* wishListCVCell.swift */,
				C388CAAF2C296E2D00051E02 /* HomeFacilitesCollectionViewCell.swift */,
				C388CAB12C296E8600051E02 /* CategoriesCollectionViewCell.swift */,
				C388CAB72C296F8100051E02 /* ProductsCollectionViewCell.swift */,
				C3862C412C2AFB8C00F07EC0 /* ImageDisplayCollectionViewCell.swift */,
				C32C460A2C326AE500B12669 /* ProductDetailsCollectionViewCell.swift */,
			);
			path = "Collection Cell";
			sourceTree = "<group>";
		};
		C31219A12C29452500D12067 /* Table Cell */ = {
			isa = PBXGroup;
			children = (
				C388CAB52C296F2800051E02 /* HomeTableViewCell.swift */,
				C3759EC92C299BDF006ABB02 /* AddressTableViewCell.swift */,
				C31219B82C298A1E00D12067 /* myOrderTableCell.swift */,
				C3A314112C2D5064007D6BE5 /* CartItemTableViewCell.swift */,
				C3A314122C2D5064007D6BE5 /* OrderedItemTableViewCell.swift */,
				C353EE5C2C37EB9D00727B18 /* UserReviewsTableViewCell.swift */,
				C3429E472C3676FB005C6DC0 /* OrderDetailTabelCell.swift */,
			);
			path = "Table Cell";
			sourceTree = "<group>";
		};
		C31219A32C29454000D12067 /* Protocol */ = {
			isa = PBXGroup;
			children = (
				C33380652C37D08D00A78234 /* Prasiddh Protocol.swift */,
			);
			path = Protocol;
			sourceTree = "<group>";
		};
		C31219A42C29454600D12067 /* Extension */ = {
			isa = PBXGroup;
			children = (
				C30385242C354772004978BD /* Prasiddh's Extensions */,
				C3D287B42C3532550076DA7C /* HimanshuExtension.swift */,
				C3DF939F2C356EDF00A7EC75 /* Kaushal_Extension.swift */,
				C32E1CFA2C37CBDE00EE7C50 /* Connectivity.swift */,
			);
			path = Extension;
			sourceTree = "<group>";
		};
		C31219A52C29464B00D12067 /* CustomTabbar */ = {
			isa = PBXGroup;
			children = (
				C31219A62C29464B00D12067 /* CustomTabbar.swift */,
				C31219A72C29464B00D12067 /* CustomTabbarController.swift */,
			);
			path = CustomTabbar;
			sourceTree = "<group>";
		};
		C3429E432C365BA5005C6DC0 /* Authentication */ = {
			isa = PBXGroup;
			children = (
				C31219AA2C294FBF00D12067 /* LoginScreenVC.swift */,
				C31219AB2C294FBF00D12067 /* RegisterScreenVC.swift */,
				C3E1B4E52C3BB863003E77E4 /* ChangePasswordVC.swift */,
				C3DBA80B2C37FD820024E714 /* ForgetPasswordVC.swift */,
			);
			path = Authentication;
			sourceTree = "<group>";
		};
		C3429E442C365BCE005C6DC0 /* Profile */ = {
			isa = PBXGroup;
			children = (
				C31219B22C295DE500D12067 /* ProfileScreenVC.swift */,
				C31219B42C2975CF00D12067 /* EditProfileVC.swift */,
				C31219B62C29856A00D12067 /* MyOrderScreenVC.swift */,
				C3429E452C3666E1005C6DC0 /* OrderDetailVC.swift */,
				C3429E492C36A36B005C6DC0 /* MyOrderFilterScreenVC.swift */,
			);
			path = Profile;
			sourceTree = "<group>";
		};
		C355CC332C2EBCCD00994D58 /* Constants */ = {
			isa = PBXGroup;
			children = (
				C355CC342C2EBCE900994D58 /* Constants.swift */,
			);
			path = Constants;
			sourceTree = "<group>";
		};
		C3878AC62C36D04600CCD8C0 /* DatabaseManager */ = {
			isa = PBXGroup;
			children = (
				C3878AC72C36D05D00CCD8C0 /* DatabaseManager.swift */,
			);
			path = DatabaseManager;
			sourceTree = "<group>";
		};
		C3878AC92C36D0BF00CCD8C0 /* CoreDataTables */ = {
			isa = PBXGroup;
			children = (
				C3878AD22C36D1F400CCD8C0 /* ProductInCart+CoreDataClass.swift */,
				C3878AD32C36D1F400CCD8C0 /* ProductInCart+CoreDataProperties.swift */,
			);
			path = CoreDataTables;
			sourceTree = "<group>";
		};
		D1910850C5F48435F981F44F /* Frameworks */ = {
			isa = PBXGroup;
			children = (
				F81015E434A71609EB213D9B /* Pods_ShopMe_Github_Collab.framework */,
			);
			name = Frameworks;
			sourceTree = "<group>";
		};
		E42B77AFD01C1DC68AAD211B /* Pods */ = {
			isa = PBXGroup;
			children = (
				B176B6B1D9F8F829E25F288C /* Pods-ShopMe-Github-Collab.debug.xcconfig */,
				DBEC995D8A18DECF9AC9E759 /* Pods-ShopMe-Github-Collab.release.xcconfig */,
			);
			path = Pods;
			sourceTree = "<group>";
		};
/* End PBXGroup section */

/* Begin PBXNativeTarget section */
		C312197F2C2944CF00D12067 /* ShopMe-Github-Collab */ = {
			isa = PBXNativeTarget;
			buildConfigurationList = C31219972C2944D300D12067 /* Build configuration list for PBXNativeTarget "ShopMe-Github-Collab" */;
			buildPhases = (
				797FF7F0650E2E6FBF39F9DD /* [CP] Check Pods Manifest.lock */,
				C312197C2C2944CF00D12067 /* Sources */,
				C312197D2C2944CF00D12067 /* Frameworks */,
				C312197E2C2944CF00D12067 /* Resources */,
				3CA8585D829C8729B5CE2612 /* [CP] Embed Pods Frameworks */,
			);
			buildRules = (
			);
			dependencies = (
			);
			name = "ShopMe-Github-Collab";
			productName = "ShopMe-Github-Collab";
			productReference = C31219802C2944CF00D12067 /* ShopMe-Github-Collab.app */;
			productType = "com.apple.product-type.application";
		};
/* End PBXNativeTarget section */

/* Begin PBXProject section */
		C31219782C2944CF00D12067 /* Project object */ = {
			isa = PBXProject;
			attributes = {
				BuildIndependentTargetsInParallel = 1;
				LastSwiftUpdateCheck = 1420;
				LastUpgradeCheck = 1530;
				TargetAttributes = {
					C312197F2C2944CF00D12067 = {
						CreatedOnToolsVersion = 14.2;
					};
				};
			};
			buildConfigurationList = C312197B2C2944CF00D12067 /* Build configuration list for PBXProject "ShopMe-Github-Collab" */;
			compatibilityVersion = "Xcode 14.0";
			developmentRegion = en;
			hasScannedForEncodings = 0;
			knownRegions = (
				en,
				Base,
			);
			mainGroup = C31219772C2944CF00D12067;
			productRefGroup = C31219812C2944CF00D12067 /* Products */;
			projectDirPath = "";
			projectRoot = "";
			targets = (
				C312197F2C2944CF00D12067 /* ShopMe-Github-Collab */,
			);
		};
/* End PBXProject section */

/* Begin PBXResourcesBuildPhase section */
		C312197E2C2944CF00D12067 /* Resources */ = {
			isa = PBXResourcesBuildPhase;
			buildActionMask = 2147483647;
			files = (
				C3A5DC642C2A7C92003511F7 /* ShopStoryboard.storyboard in Resources */,
				C3759EBE2C295518006ABB02 /* CartList.storyboard in Resources */,
				C31219AF2C294FC800D12067 /* Authentication.storyboard in Resources */,
				C31219932C2944D300D12067 /* LaunchScreen.storyboard in Resources */,
				C31219B12C295D1300D12067 /* Profile.storyboard in Resources */,
				C3DBA8162C3815FB0024E714 /* WishList.storyboard in Resources */,
				C31219902C2944D300D12067 /* Assets.xcassets in Resources */,
				C38748852C294F78006A0C72 /* HomeStoryboard.storyboard in Resources */,
				C312198B2C2944CF00D12067 /* Main.storyboard in Resources */,
			);
			runOnlyForDeploymentPostprocessing = 0;
		};
/* End PBXResourcesBuildPhase section */

/* Begin PBXShellScriptBuildPhase section */
		3CA8585D829C8729B5CE2612 /* [CP] Embed Pods Frameworks */ = {
			isa = PBXShellScriptBuildPhase;
			buildActionMask = 2147483647;
			files = (
			);
			inputFileListPaths = (
				"${PODS_ROOT}/Target Support Files/Pods-ShopMe-Github-Collab/Pods-ShopMe-Github-Collab-frameworks-${CONFIGURATION}-input-files.xcfilelist",
			);
			name = "[CP] Embed Pods Frameworks";
			outputFileListPaths = (
				"${PODS_ROOT}/Target Support Files/Pods-ShopMe-Github-Collab/Pods-ShopMe-Github-Collab-frameworks-${CONFIGURATION}-output-files.xcfilelist",
			);
			runOnlyForDeploymentPostprocessing = 0;
			shellPath = /bin/sh;
			shellScript = "\"${PODS_ROOT}/Target Support Files/Pods-ShopMe-Github-Collab/Pods-ShopMe-Github-Collab-frameworks.sh\"\n";
			showEnvVarsInLog = 0;
		};
		797FF7F0650E2E6FBF39F9DD /* [CP] Check Pods Manifest.lock */ = {
			isa = PBXShellScriptBuildPhase;
			buildActionMask = 2147483647;
			files = (
			);
			inputFileListPaths = (
			);
			inputPaths = (
				"${PODS_PODFILE_DIR_PATH}/Podfile.lock",
				"${PODS_ROOT}/Manifest.lock",
			);
			name = "[CP] Check Pods Manifest.lock";
			outputFileListPaths = (
			);
			outputPaths = (
				"$(DERIVED_FILE_DIR)/Pods-ShopMe-Github-Collab-checkManifestLockResult.txt",
			);
			runOnlyForDeploymentPostprocessing = 0;
			shellPath = /bin/sh;
			shellScript = "diff \"${PODS_PODFILE_DIR_PATH}/Podfile.lock\" \"${PODS_ROOT}/Manifest.lock\" > /dev/null\nif [ $? != 0 ] ; then\n    # print error to STDERR\n    echo \"error: The sandbox is not in sync with the Podfile.lock. Run 'pod install' or update your CocoaPods installation.\" >&2\n    exit 1\nfi\n# This output is used by Xcode 'outputs' to avoid re-running this script phase.\necho \"SUCCESS\" > \"${SCRIPT_OUTPUT_FILE_0}\"\n";
			showEnvVarsInLog = 0;
		};
/* End PBXShellScriptBuildPhase section */

/* Begin PBXSourcesBuildPhase section */
		C312197C2C2944CF00D12067 /* Sources */ = {
			isa = PBXSourcesBuildPhase;
			buildActionMask = 2147483647;
			files = (
				C3429E482C3676FB005C6DC0 /* OrderDetailTabelCell.swift in Sources */,
				C388CAB82C296F8100051E02 /* ProductsCollectionViewCell.swift in Sources */,
				C3DC00122C2EF3B600CC60FA /* UserCartViewModel.swift in Sources */,
				C303852A2C356578004978BD /* AddToCartOnCheckoutViewmodel.swift in Sources */,
				C31219882C2944CF00D12067 /* ViewController.swift in Sources */,
				C38748872C294F98006A0C72 /* HomeVC.swift in Sources */,
				C3878AD72C36DC8500CCD8C0 /* Get_CartItems.swift in Sources */,
				C353EE612C37F7B200727B18 /* UserRatingViewModel.swift in Sources */,
				C3878AD92C36DCA200CCD8C0 /* Get_CartItemsViewModel.swift in Sources */,
				C31219B52C2975CF00D12067 /* EditProfileVC.swift in Sources */,
				C3EF1DAD2C32839A006492EB /* RegisterViewModel.swift in Sources */,
				C3EF1DB32C32B030006492EB /* LoginModel.swift in Sources */,
				C31219882C2944CF00D12067 /* ViewController.swift in Sources */,
				C3ABE8C52C33E1BE0092F804 /* ProductByIdModel.swift in Sources */,
				C353EE5D2C37EB9D00727B18 /* UserReviewsTableViewCell.swift in Sources */,
				C31219A82C29464B00D12067 /* CustomTabbar.swift in Sources */,
				C3878AC52C36A79300CCD8C0 /* FilterDictModel.swift in Sources */,
				C351242C2C29928C00B0938E /* DetailsScreenVC.swift in Sources */,
				C381DCE32C3D52FD00D5D023 /* AboutUsHelpViewModel.swift in Sources */,
				C3DBA8182C3816070024E714 /* WishlistModel.swift in Sources */,
				C3EF1DB12C32B01C006492EB /* LoginViewModel.swift in Sources */,
				C3862C422C2AFB8C00F07EC0 /* ImageDisplayCollectionViewCell.swift in Sources */,
				C3A314142C2D5064007D6BE5 /* OrderedItemTableViewCell.swift in Sources */,
				C3D287B52C3532550076DA7C /* HimanshuExtension.swift in Sources */,
				C312198E2C2944CF00D12067 /* ShopMe_Github_Collab.xcdatamodeld in Sources */,
				C388CAB22C296E8600051E02 /* CategoriesCollectionViewCell.swift in Sources */,
				C388CAB62C296F2800051E02 /* HomeTableViewCell.swift in Sources */,
				C3EF1DB72C32C596006492EB /* ProfileModel.swift in Sources */,
				C3A5DC702C2AC051003511F7 /* FilterVC.swift in Sources */,
				C30385262C35479D004978BD /* prasiddh'sExtension.swift in Sources */,
				C3DC00102C2EF32600CC60FA /* UserCartModel.swift in Sources */,
				C3ABE8CD2C34229D0092F804 /* ProductAddToCartViewModel.swift in Sources */,
				C36419342C33DD7C0026B1DA /* UpdateDataViewModel.swift in Sources */,
				C3EF1DAF2C3284CE006492EB /* RegisterModel.swift in Sources */,
				C31219842C2944CF00D12067 /* AppDelegate.swift in Sources */,
				C32C46152C32988000B12669 /* ProductViewModel.swift in Sources */,
				C353EE5F2C37F7A100727B18 /* UserRatingModel.swift in Sources */,
				C3A5DC662C2A7CBA003511F7 /* ShopVC.swift in Sources */,
				C31219A92C29464B00D12067 /* CustomTabbarController.swift in Sources */,
				C388CAB02C296E2D00051E02 /* HomeFacilitesCollectionViewCell.swift in Sources */,
				C3DF93A02C356EDF00A7EC75 /* Kaushal_Extension.swift in Sources */,
				C355CC322C2EBAC100994D58 /* NetworkManager.swift in Sources */,
				C3429E4A2C36A36B005C6DC0 /* MyOrderFilterScreenVC.swift in Sources */,
				C3E1B4E82C3BBB73003E77E4 /* ChangePassModel.swift in Sources */,
				C3E1B4EA2C3BBBF7003E77E4 /* ChangePassViewModel.swift in Sources */,
				C388CAAE2C296D9A00051E02 /* HomeHeaderCollectionViewCell.swift in Sources */,
				C32C46172C329B8F00B12669 /* Product.swift in Sources */,
				C39548D52C38198C006C7D9B /* GetColorViewModel.swift in Sources */,
				C3EF1DB52C32C57A006492EB /* ProfileViewModel.swift in Sources */,
				C3A3140E2C2D5014007D6BE5 /* ShoppingCartViewController.swift in Sources */,
				C3862C442C2AFC0400F07EC0 /* ImageDisplayViewController.swift in Sources */,
				C32C460D2C3283BE00B12669 /* CategoryModel.swift in Sources */,
				C31219862C2944CF00D12067 /* SceneDelegate.swift in Sources */,
				C3ABE8C72C33E1FF0092F804 /* ProductByIdViewModel.swift in Sources */,
				C32C460B2C326AE500B12669 /* ProductDetailsCollectionViewCell.swift in Sources */,
				C39548D92C38262F006C7D9B /* Post_WishlistViewModel.swift in Sources */,
				C3878AC82C36D05D00CCD8C0 /* DatabaseManager.swift in Sources */,
				C32C46132C32878D00B12669 /* CategoryViewModal.swift in Sources */,
				C39548D72C382613006C7D9B /* Post_WishlistModel.swift in Sources */,
				C3ABE8CB2C3421A20092F804 /* ProductAddToCartModel.swift in Sources */,
				C39548D32C381974006C7D9B /* getColor.swift in Sources */,
				C3759ECC2C299F7A006ABB02 /* AddAddressViewController.swift in Sources */,
				C33380662C37D08D00A78234 /* Prasiddh Protocol.swift in Sources */,
				C3E1B4E62C3BB863003E77E4 /* ChangePasswordVC.swift in Sources */,
				C3DF939E2C3561CA00A7EC75 /* OrderListingViewModel.swift in Sources */,
				C3759ECA2C299BDF006ABB02 /* AddressTableViewCell.swift in Sources */,
				C3878AD42C36D1F400CCD8C0 /* ProductInCart+CoreDataClass.swift in Sources */,
				C3878AD52C36D1F400CCD8C0 /* ProductInCart+CoreDataProperties.swift in Sources */,
				C3A314132C2D5064007D6BE5 /* CartItemTableViewCell.swift in Sources */,
				C3759EC82C299B96006ABB02 /* SelectAddressViewController.swift in Sources */,
				C31219A92C29464B00D12067 /* CustomTabbarController.swift in Sources */,
				C3DBA8122C3804530024E714 /* ForgetPassModel.swift in Sources */,
				C3DBA81C2C38161B0024E714 /* WishlistViewModel.swift in Sources */,
				C3DBA81A2C3816120024E714 /* WishListVC.swift in Sources */,
				C3429E462C3666E1005C6DC0 /* OrderDetailVC.swift in Sources */,
				C31219B72C29856A00D12067 /* MyOrderScreenVC.swift in Sources */,
				C38F53F52C3519D60059DD4D /* MultiPartNetworkService.swift in Sources */,
				C3DBA80C2C37FD820024E714 /* ForgetPasswordVC.swift in Sources */,
				C3A314102C2D5025007D6BE5 /* CheckoutViewController.swift in Sources */,
				C31219862C2944CF00D12067 /* SceneDelegate.swift in Sources */,
				C3DBA81E2C3816C70024E714 /* wishListCVCell.swift in Sources */,
				C31219AC2C294FBF00D12067 /* LoginScreenVC.swift in Sources */,
				C36419322C33DD070026B1DA /* UpdateDataModel.swift in Sources */,
				C31219B32C295DE500D12067 /* ProfileScreenVC.swift in Sources */,
				C3DF939C2C35582900A7EC75 /* OrderListModel.swift in Sources */,
				C31219AD2C294FBF00D12067 /* RegisterScreenVC.swift in Sources */,
				C32E1CFB2C37CBDE00EE7C50 /* Connectivity.swift in Sources */,
				C381DCE12C3D1C0500D5D023 /* AboutUs_Help_Model.swift in Sources */,
				C3DBA8102C38002A0024E714 /* ConfirmEmailViewModel.swift in Sources */,
				C31219B92C298A1E00D12067 /* myOrderTableCell.swift in Sources */,
				C355CC352C2EBCE900994D58 /* Constants.swift in Sources */,
				C3DBA80E2C37FFB00024E714 /* ConfirmEmailModel.swift in Sources */,
				C3DBA8142C3805340024E714 /* ForgetPassViewModel.swift in Sources */,
			);
			runOnlyForDeploymentPostprocessing = 0;
		};
/* End PBXSourcesBuildPhase section */

/* Begin PBXVariantGroup section */
		C31219892C2944CF00D12067 /* Main.storyboard */ = {
			isa = PBXVariantGroup;
			children = (
				C312198A2C2944CF00D12067 /* Base */,
			);
			name = Main.storyboard;
			sourceTree = "<group>";
		};
		C31219912C2944D300D12067 /* LaunchScreen.storyboard */ = {
			isa = PBXVariantGroup;
			children = (
				C31219922C2944D300D12067 /* Base */,
			);
			name = LaunchScreen.storyboard;
			sourceTree = "<group>";
		};
/* End PBXVariantGroup section */

/* Begin XCBuildConfiguration section */
		C31219952C2944D300D12067 /* Debug */ = {
			isa = XCBuildConfiguration;
			buildSettings = {
				ALWAYS_SEARCH_USER_PATHS = NO;
				CLANG_ANALYZER_NONNULL = YES;
				CLANG_ANALYZER_NUMBER_OBJECT_CONVERSION = YES_AGGRESSIVE;
				CLANG_CXX_LANGUAGE_STANDARD = "gnu++20";
				CLANG_ENABLE_MODULES = YES;
				CLANG_ENABLE_OBJC_ARC = YES;
				CLANG_ENABLE_OBJC_WEAK = YES;
				CLANG_WARN_BLOCK_CAPTURE_AUTORELEASING = YES;
				CLANG_WARN_BOOL_CONVERSION = YES;
				CLANG_WARN_COMMA = YES;
				CLANG_WARN_CONSTANT_CONVERSION = YES;
				CLANG_WARN_DEPRECATED_OBJC_IMPLEMENTATIONS = YES;
				CLANG_WARN_DIRECT_OBJC_ISA_USAGE = YES_ERROR;
				CLANG_WARN_DOCUMENTATION_COMMENTS = YES;
				CLANG_WARN_EMPTY_BODY = YES;
				CLANG_WARN_ENUM_CONVERSION = YES;
				CLANG_WARN_INFINITE_RECURSION = YES;
				CLANG_WARN_INT_CONVERSION = YES;
				CLANG_WARN_NON_LITERAL_NULL_CONVERSION = YES;
				CLANG_WARN_OBJC_IMPLICIT_RETAIN_SELF = YES;
				CLANG_WARN_OBJC_LITERAL_CONVERSION = YES;
				CLANG_WARN_OBJC_ROOT_CLASS = YES_ERROR;
				CLANG_WARN_QUOTED_INCLUDE_IN_FRAMEWORK_HEADER = YES;
				CLANG_WARN_RANGE_LOOP_ANALYSIS = YES;
				CLANG_WARN_STRICT_PROTOTYPES = YES;
				CLANG_WARN_SUSPICIOUS_MOVE = YES;
				CLANG_WARN_UNGUARDED_AVAILABILITY = YES_AGGRESSIVE;
				CLANG_WARN_UNREACHABLE_CODE = YES;
				CLANG_WARN__DUPLICATE_METHOD_MATCH = YES;
				COPY_PHASE_STRIP = NO;
				DEBUG_INFORMATION_FORMAT = dwarf;
				ENABLE_STRICT_OBJC_MSGSEND = YES;
				ENABLE_TESTABILITY = YES;
				GCC_C_LANGUAGE_STANDARD = gnu11;
				GCC_DYNAMIC_NO_PIC = NO;
				GCC_NO_COMMON_BLOCKS = YES;
				GCC_OPTIMIZATION_LEVEL = 0;
				GCC_PREPROCESSOR_DEFINITIONS = (
					"DEBUG=1",
					"$(inherited)",
				);
				GCC_WARN_64_TO_32_BIT_CONVERSION = YES;
				GCC_WARN_ABOUT_RETURN_TYPE = YES_ERROR;
				GCC_WARN_UNDECLARED_SELECTOR = YES;
				GCC_WARN_UNINITIALIZED_AUTOS = YES_AGGRESSIVE;
				GCC_WARN_UNUSED_FUNCTION = YES;
				GCC_WARN_UNUSED_VARIABLE = YES;
				IPHONEOS_DEPLOYMENT_TARGET = 16.2;
				MTL_ENABLE_DEBUG_INFO = INCLUDE_SOURCE;
				MTL_FAST_MATH = YES;
				ONLY_ACTIVE_ARCH = YES;
				SDKROOT = iphoneos;
				SWIFT_ACTIVE_COMPILATION_CONDITIONS = DEBUG;
				SWIFT_OPTIMIZATION_LEVEL = "-Onone";
			};
			name = Debug;
		};
		C31219962C2944D300D12067 /* Release */ = {
			isa = XCBuildConfiguration;
			buildSettings = {
				ALWAYS_SEARCH_USER_PATHS = NO;
				CLANG_ANALYZER_NONNULL = YES;
				CLANG_ANALYZER_NUMBER_OBJECT_CONVERSION = YES_AGGRESSIVE;
				CLANG_CXX_LANGUAGE_STANDARD = "gnu++20";
				CLANG_ENABLE_MODULES = YES;
				CLANG_ENABLE_OBJC_ARC = YES;
				CLANG_ENABLE_OBJC_WEAK = YES;
				CLANG_WARN_BLOCK_CAPTURE_AUTORELEASING = YES;
				CLANG_WARN_BOOL_CONVERSION = YES;
				CLANG_WARN_COMMA = YES;
				CLANG_WARN_CONSTANT_CONVERSION = YES;
				CLANG_WARN_DEPRECATED_OBJC_IMPLEMENTATIONS = YES;
				CLANG_WARN_DIRECT_OBJC_ISA_USAGE = YES_ERROR;
				CLANG_WARN_DOCUMENTATION_COMMENTS = YES;
				CLANG_WARN_EMPTY_BODY = YES;
				CLANG_WARN_ENUM_CONVERSION = YES;
				CLANG_WARN_INFINITE_RECURSION = YES;
				CLANG_WARN_INT_CONVERSION = YES;
				CLANG_WARN_NON_LITERAL_NULL_CONVERSION = YES;
				CLANG_WARN_OBJC_IMPLICIT_RETAIN_SELF = YES;
				CLANG_WARN_OBJC_LITERAL_CONVERSION = YES;
				CLANG_WARN_OBJC_ROOT_CLASS = YES_ERROR;
				CLANG_WARN_QUOTED_INCLUDE_IN_FRAMEWORK_HEADER = YES;
				CLANG_WARN_RANGE_LOOP_ANALYSIS = YES;
				CLANG_WARN_STRICT_PROTOTYPES = YES;
				CLANG_WARN_SUSPICIOUS_MOVE = YES;
				CLANG_WARN_UNGUARDED_AVAILABILITY = YES_AGGRESSIVE;
				CLANG_WARN_UNREACHABLE_CODE = YES;
				CLANG_WARN__DUPLICATE_METHOD_MATCH = YES;
				COPY_PHASE_STRIP = NO;
				DEBUG_INFORMATION_FORMAT = "dwarf-with-dsym";
				ENABLE_NS_ASSERTIONS = NO;
				ENABLE_STRICT_OBJC_MSGSEND = YES;
				GCC_C_LANGUAGE_STANDARD = gnu11;
				GCC_NO_COMMON_BLOCKS = YES;
				GCC_WARN_64_TO_32_BIT_CONVERSION = YES;
				GCC_WARN_ABOUT_RETURN_TYPE = YES_ERROR;
				GCC_WARN_UNDECLARED_SELECTOR = YES;
				GCC_WARN_UNINITIALIZED_AUTOS = YES_AGGRESSIVE;
				GCC_WARN_UNUSED_FUNCTION = YES;
				GCC_WARN_UNUSED_VARIABLE = YES;
				IPHONEOS_DEPLOYMENT_TARGET = 16.2;
				MTL_ENABLE_DEBUG_INFO = NO;
				MTL_FAST_MATH = YES;
				SDKROOT = iphoneos;
				SWIFT_COMPILATION_MODE = wholemodule;
				SWIFT_OPTIMIZATION_LEVEL = "-O";
				VALIDATE_PRODUCT = YES;
			};
			name = Release;
		};
		C31219982C2944D300D12067 /* Debug */ = {
			isa = XCBuildConfiguration;
			baseConfigurationReference = B176B6B1D9F8F829E25F288C /* Pods-ShopMe-Github-Collab.debug.xcconfig */;
			buildSettings = {
				ASSETCATALOG_COMPILER_APPICON_NAME = AppIcon;
				ASSETCATALOG_COMPILER_GLOBAL_ACCENT_COLOR_NAME = AccentColor;
				CODE_SIGN_STYLE = Automatic;
				CURRENT_PROJECT_VERSION = 1;
				GENERATE_INFOPLIST_FILE = YES;
				INFOPLIST_FILE = "ShopMe-Github-Collab/Info.plist";
				INFOPLIST_KEY_UIApplicationSupportsIndirectInputEvents = YES;
				INFOPLIST_KEY_UILaunchStoryboardName = LaunchScreen;
				INFOPLIST_KEY_UIMainStoryboardFile = Main;
				INFOPLIST_KEY_UISupportedInterfaceOrientations_iPad = "UIInterfaceOrientationPortrait UIInterfaceOrientationPortraitUpsideDown UIInterfaceOrientationLandscapeLeft UIInterfaceOrientationLandscapeRight";
				INFOPLIST_KEY_UISupportedInterfaceOrientations_iPhone = "UIInterfaceOrientationPortrait UIInterfaceOrientationLandscapeLeft UIInterfaceOrientationLandscapeRight";
				LD_RUNPATH_SEARCH_PATHS = (
					"$(inherited)",
					"@executable_path/Frameworks",
				);
				MARKETING_VERSION = 1.0;
				PRODUCT_BUNDLE_IDENTIFIER = "com.wcg.ShopMe-Github-Collab";
				PRODUCT_NAME = "$(TARGET_NAME)";
				SWIFT_EMIT_LOC_STRINGS = YES;
				SWIFT_VERSION = 5.0;
				TARGETED_DEVICE_FAMILY = "1,2";
			};
			name = Debug;
		};
		C31219992C2944D300D12067 /* Release */ = {
			isa = XCBuildConfiguration;
			baseConfigurationReference = DBEC995D8A18DECF9AC9E759 /* Pods-ShopMe-Github-Collab.release.xcconfig */;
			buildSettings = {
				ASSETCATALOG_COMPILER_APPICON_NAME = AppIcon;
				ASSETCATALOG_COMPILER_GLOBAL_ACCENT_COLOR_NAME = AccentColor;
				CODE_SIGN_STYLE = Automatic;
				CURRENT_PROJECT_VERSION = 1;
				GENERATE_INFOPLIST_FILE = YES;
				INFOPLIST_FILE = "ShopMe-Github-Collab/Info.plist";
				INFOPLIST_KEY_UIApplicationSupportsIndirectInputEvents = YES;
				INFOPLIST_KEY_UILaunchStoryboardName = LaunchScreen;
				INFOPLIST_KEY_UIMainStoryboardFile = Main;
				INFOPLIST_KEY_UISupportedInterfaceOrientations_iPad = "UIInterfaceOrientationPortrait UIInterfaceOrientationPortraitUpsideDown UIInterfaceOrientationLandscapeLeft UIInterfaceOrientationLandscapeRight";
				INFOPLIST_KEY_UISupportedInterfaceOrientations_iPhone = "UIInterfaceOrientationPortrait UIInterfaceOrientationLandscapeLeft UIInterfaceOrientationLandscapeRight";
				LD_RUNPATH_SEARCH_PATHS = (
					"$(inherited)",
					"@executable_path/Frameworks",
				);
				MARKETING_VERSION = 1.0;
				PRODUCT_BUNDLE_IDENTIFIER = "com.wcg.ShopMe-Github-Collab";
				PRODUCT_NAME = "$(TARGET_NAME)";
				SWIFT_EMIT_LOC_STRINGS = YES;
				SWIFT_VERSION = 5.0;
				TARGETED_DEVICE_FAMILY = "1,2";
			};
			name = Release;
		};
/* End XCBuildConfiguration section */

/* Begin XCConfigurationList section */
		C312197B2C2944CF00D12067 /* Build configuration list for PBXProject "ShopMe-Github-Collab" */ = {
			isa = XCConfigurationList;
			buildConfigurations = (
				C31219952C2944D300D12067 /* Debug */,
				C31219962C2944D300D12067 /* Release */,
			);
			defaultConfigurationIsVisible = 0;
			defaultConfigurationName = Release;
		};
		C31219972C2944D300D12067 /* Build configuration list for PBXNativeTarget "ShopMe-Github-Collab" */ = {
			isa = XCConfigurationList;
			buildConfigurations = (
				C31219982C2944D300D12067 /* Debug */,
				C31219992C2944D300D12067 /* Release */,
			);
			defaultConfigurationIsVisible = 0;
			defaultConfigurationName = Release;
		};
/* End XCConfigurationList section */

/* Begin XCVersionGroup section */
		C312198C2C2944CF00D12067 /* ShopMe_Github_Collab.xcdatamodeld */ = {
			isa = XCVersionGroup;
			children = (
				C312198D2C2944CF00D12067 /* ShopMe_Github_Collab.xcdatamodel */,
			);
			currentVersion = C312198D2C2944CF00D12067 /* ShopMe_Github_Collab.xcdatamodel */;
			path = ShopMe_Github_Collab.xcdatamodeld;
			sourceTree = "<group>";
			versionGroupType = wrapper.xcdatamodel;
		};
/* End XCVersionGroup section */
	};
	rootObject = C31219782C2944CF00D12067 /* Project object */;
}
